PODS:
  - Gifu (3.3)
  - SwiftGifOrigin (1.7.0)

DEPENDENCIES:
  - Gifu
  - SwiftGifOrigin

SPEC REPOS:
  trunk:
    - Gifu
    - SwiftGifOrigin

SPEC CHECKSUMS:
  Gifu: 97c2a3c3865fbc834ab13f797e2e8e7729a1853c
  SwiftGifOrigin: fbd6cf37afcfcf97a5c3db996ddc0492e5c5c145

PODFILE CHECKSUM: 14a9f4c381997834c29dfae3c0cd9b3738382afb

COCOAPODS: 1.10.1
