// !$*UTF8*$!
{
	archiveVersion = 1;
	classes = {
	};
	objectVersion = 51;
	objects = {

/* Begin PBXBuildFile section */
		8B255C68262F484D00C88136 /* LogInMenuViewController.swift in Sources */ = {isa = PBXBuildFile; fileRef = 8B255C67262F484D00C88136 /* LogInMenuViewController.swift */; };
		8B3B8BAB263712B4000C779E /* RoomViewController.swift in Sources */ = {isa = PBXBuildFile; fileRef = 8B3B8BAA263712B4000C779E /* RoomViewController.swift */; };
		8B3B8BAD263722EF000C779E /* AdminViewController.swift in Sources */ = {isa = PBXBuildFile; fileRef = 8B3B8BAC263722EF000C779E /* AdminViewController.swift */; };
		8B3B8BAF26372D09000C779E /* GymViewController.swift in Sources */ = {isa = PBXBuildFile; fileRef = 8B3B8BAE26372D09000C779E /* GymViewController.swift */; };
		8B3B8BB126372D14000C779E /* FoodViewController.swift in Sources */ = {isa = PBXBuildFile; fileRef = 8B3B8BB026372D14000C779E /* FoodViewController.swift */; };
		8B3B8BB326372D1C000C779E /* SpaViewController.swift in Sources */ = {isa = PBXBuildFile; fileRef = 8B3B8BB226372D1C000C779E /* SpaViewController.swift */; };
		8B3B8BB526372D25000C779E /* OverallViewController.swift in Sources */ = {isa = PBXBuildFile; fileRef = 8B3B8BB426372D25000C779E /* OverallViewController.swift */; };
		8B3B8BBE26372FD5000C779E /* Guest+CoreDataClass.swift in Sources */ = {isa = PBXBuildFile; fileRef = 8B3B8BBA26372FD5000C779E /* Guest+CoreDataClass.swift */; };
		8B3B8BBF26372FD5000C779E /* Guest+CoreDataProperties.swift in Sources */ = {isa = PBXBuildFile; fileRef = 8B3B8BBB26372FD5000C779E /* Guest+CoreDataProperties.swift */; };
		8B3B8BE026376320000C779E /* Overall+CoreDataClass.swift in Sources */ = {isa = PBXBuildFile; fileRef = 8B3B8BD626376320000C779E /* Overall+CoreDataClass.swift */; };
		8B3B8BE126376320000C779E /* Overall+CoreDataProperties.swift in Sources */ = {isa = PBXBuildFile; fileRef = 8B3B8BD726376320000C779E /* Overall+CoreDataProperties.swift */; };
		8B3B8BE226376320000C779E /* Food+CoreDataClass.swift in Sources */ = {isa = PBXBuildFile; fileRef = 8B3B8BD826376320000C779E /* Food+CoreDataClass.swift */; };
		8B3B8BE326376320000C779E /* Food+CoreDataProperties.swift in Sources */ = {isa = PBXBuildFile; fileRef = 8B3B8BD926376320000C779E /* Food+CoreDataProperties.swift */; };
		8B3B8BE426376320000C779E /* Gym+CoreDataClass.swift in Sources */ = {isa = PBXBuildFile; fileRef = 8B3B8BDA26376320000C779E /* Gym+CoreDataClass.swift */; };
		8B3B8BE526376320000C779E /* Gym+CoreDataProperties.swift in Sources */ = {isa = PBXBuildFile; fileRef = 8B3B8BDB26376320000C779E /* Gym+CoreDataProperties.swift */; };
		8B3B8BE626376320000C779E /* Spa+CoreDataClass.swift in Sources */ = {isa = PBXBuildFile; fileRef = 8B3B8BDC26376320000C779E /* Spa+CoreDataClass.swift */; };
		8B3B8BE726376320000C779E /* Spa+CoreDataProperties.swift in Sources */ = {isa = PBXBuildFile; fileRef = 8B3B8BDD26376320000C779E /* Spa+CoreDataProperties.swift */; };
		8B3B8BE826376320000C779E /* Room+CoreDataClass.swift in Sources */ = {isa = PBXBuildFile; fileRef = 8B3B8BDE26376320000C779E /* Room+CoreDataClass.swift */; };
		8B3B8BE926376320000C779E /* Room+CoreDataProperties.swift in Sources */ = {isa = PBXBuildFile; fileRef = 8B3B8BDF26376320000C779E /* Room+CoreDataProperties.swift */; };
		8B659FF22641C4CE00574981 /* pepeD.gif in Resources */ = {isa = PBXBuildFile; fileRef = 8B659FF12641C4CE00574981 /* pepeD.gif */; };
		8B6608FA264192D100A494A0 /* WelcomeViewController.swift in Sources */ = {isa = PBXBuildFile; fileRef = 8B6608F9264192D100A494A0 /* WelcomeViewController.swift */; };
		8B7D76BD262E262300CD5F84 /* AppDelegate.swift in Sources */ = {isa = PBXBuildFile; fileRef = 8B7D76BC262E262300CD5F84 /* AppDelegate.swift */; };
		8B7D76BF262E262300CD5F84 /* SceneDelegate.swift in Sources */ = {isa = PBXBuildFile; fileRef = 8B7D76BE262E262300CD5F84 /* SceneDelegate.swift */; };
		8B7D76C1262E262300CD5F84 /* ViewController.swift in Sources */ = {isa = PBXBuildFile; fileRef = 8B7D76C0262E262300CD5F84 /* ViewController.swift */; };
		8B7D76C4262E262300CD5F84 /* Main.storyboard in Resources */ = {isa = PBXBuildFile; fileRef = 8B7D76C2262E262300CD5F84 /* Main.storyboard */; };
		8B7D76C7262E262300CD5F84 /* ResortFeedback.xcdatamodeld in Sources */ = {isa = PBXBuildFile; fileRef = 8B7D76C5262E262300CD5F84 /* ResortFeedback.xcdatamodeld */; };
		8B7D76CC262E262600CD5F84 /* LaunchScreen.storyboard in Resources */ = {isa = PBXBuildFile; fileRef = 8B7D76CA262E262600CD5F84 /* LaunchScreen.storyboard */; };
		8B7D76D6262E2F1A00CD5F84 /* SignUpViewController.swift in Sources */ = {isa = PBXBuildFile; fileRef = 8B7D76D5262E2F1A00CD5F84 /* SignUpViewController.swift */; };
		8B7D76D8262E2F3600CD5F84 /* ChangePassWordViewController.swift in Sources */ = {isa = PBXBuildFile; fileRef = 8B7D76D7262E2F3600CD5F84 /* ChangePassWordViewController.swift */; };
		8B7D76DE262E306B00CD5F84 /* DBHelper.swift in Sources */ = {isa = PBXBuildFile; fileRef = 8B7D76DD262E306B00CD5F84 /* DBHelper.swift */; };
		8B7D76E0262E38F400CD5F84 /* ForgotPassWordViewController.swift in Sources */ = {isa = PBXBuildFile; fileRef = 8B7D76DF262E38F400CD5F84 /* ForgotPassWordViewController.swift */; };
		8B924C4D2641D09E00FC5B82 /* Assets.xcassets in Resources */ = {isa = PBXBuildFile; fileRef = 8B924C4C2641D09D00FC5B82 /* Assets.xcassets */; };
		8BBA83B9263C5784004FA850 /* OffersViewController.swift in Sources */ = {isa = PBXBuildFile; fileRef = 8BBA83B8263C5784004FA850 /* OffersViewController.swift */; };
		8BBC787F263B5B610007542B /* ThankYouScreenViewController.swift in Sources */ = {isa = PBXBuildFile; fileRef = 8BBC787E263B5B610007542B /* ThankYouScreenViewController.swift */; };
		8BBC7881263B5B8F0007542B /* PoorReviewViewController.swift in Sources */ = {isa = PBXBuildFile; fileRef = 8BBC7880263B5B8F0007542B /* PoorReviewViewController.swift */; };
		8BBC7883263B63800007542B /* RedoSurveyViewController.swift in Sources */ = {isa = PBXBuildFile; fileRef = 8BBC7882263B63800007542B /* RedoSurveyViewController.swift */; };
		8BFE7AB6263B260100D22213 /* CosmosDefaultSettings.swift in Sources */ = {isa = PBXBuildFile; fileRef = 8BFE7AA6263B260000D22213 /* CosmosDefaultSettings.swift */; };
		8BFE7AB7263B260100D22213 /* CosmosRating.swift in Sources */ = {isa = PBXBuildFile; fileRef = 8BFE7AA7263B260000D22213 /* CosmosRating.swift */; };
		8BFE7AB8263B260100D22213 /* CosmosLayerHelper.swift in Sources */ = {isa = PBXBuildFile; fileRef = 8BFE7AA8263B260000D22213 /* CosmosLayerHelper.swift */; };
		8BFE7AB9263B260100D22213 /* CosmosSettings.swift in Sources */ = {isa = PBXBuildFile; fileRef = 8BFE7AA9263B260000D22213 /* CosmosSettings.swift */; };
		8BFE7ABA263B260100D22213 /* CosmosText.swift in Sources */ = {isa = PBXBuildFile; fileRef = 8BFE7AAA263B260100D22213 /* CosmosText.swift */; };
		8BFE7ABB263B260100D22213 /* CosmosTouchTarget.swift in Sources */ = {isa = PBXBuildFile; fileRef = 8BFE7AAB263B260100D22213 /* CosmosTouchTarget.swift */; };
		8BFE7ABC263B260100D22213 /* CosmosSize.swift in Sources */ = {isa = PBXBuildFile; fileRef = 8BFE7AAC263B260100D22213 /* CosmosSize.swift */; };
		8BFE7ABD263B260100D22213 /* CosmosView.swift in Sources */ = {isa = PBXBuildFile; fileRef = 8BFE7AAD263B260100D22213 /* CosmosView.swift */; };
		8BFE7ABE263B260100D22213 /* CosmosLocalizedRating.swift in Sources */ = {isa = PBXBuildFile; fileRef = 8BFE7AAE263B260100D22213 /* CosmosLocalizedRating.swift */; };
		8BFE7ABF263B260100D22213 /* CosmosTouch.swift in Sources */ = {isa = PBXBuildFile; fileRef = 8BFE7AAF263B260100D22213 /* CosmosTouch.swift */; };
		8BFE7AC0263B260100D22213 /* CosmosAccessibility.swift in Sources */ = {isa = PBXBuildFile; fileRef = 8BFE7AB0263B260100D22213 /* CosmosAccessibility.swift */; };
		8BFE7AC1263B260100D22213 /* CosmosLayers.swift in Sources */ = {isa = PBXBuildFile; fileRef = 8BFE7AB2263B260100D22213 /* CosmosLayers.swift */; };
		8BFE7AC2263B260100D22213 /* StarFillMode.swift in Sources */ = {isa = PBXBuildFile; fileRef = 8BFE7AB3263B260100D22213 /* StarFillMode.swift */; };
		8BFE7AC3263B260100D22213 /* StarLayer.swift in Sources */ = {isa = PBXBuildFile; fileRef = 8BFE7AB4263B260100D22213 /* StarLayer.swift */; };
		8BFE7AC4263B260100D22213 /* RightToLeft.swift in Sources */ = {isa = PBXBuildFile; fileRef = 8BFE7AB5263B260100D22213 /* RightToLeft.swift */; };
		E23AD0148F45B5FA845E7019 /* Pods_ResortFeedback.framework in Frameworks */ = {isa = PBXBuildFile; fileRef = ECAFF4EAADB035519347C937 /* Pods_ResortFeedback.framework */; };
/* End PBXBuildFile section */

/* Begin PBXFileReference section */
		16964D6062C233259C553357 /* Pods-ResortFeedback.release.xcconfig */ = {isa = PBXFileReference; includeInIndex = 1; lastKnownFileType = text.xcconfig; name = "Pods-ResortFeedback.release.xcconfig"; path = "Target Support Files/Pods-ResortFeedback/Pods-ResortFeedback.release.xcconfig"; sourceTree = "<group>"; };
		8B255C67262F484D00C88136 /* LogInMenuViewController.swift */ = {isa = PBXFileReference; lastKnownFileType = sourcecode.swift; path = LogInMenuViewController.swift; sourceTree = "<group>"; };
		8B3B8BAA263712B4000C779E /* RoomViewController.swift */ = {isa = PBXFileReference; lastKnownFileType = sourcecode.swift; path = RoomViewController.swift; sourceTree = "<group>"; };
		8B3B8BAC263722EF000C779E /* AdminViewController.swift */ = {isa = PBXFileReference; lastKnownFileType = sourcecode.swift; path = AdminViewController.swift; sourceTree = "<group>"; };
		8B3B8BAE26372D09000C779E /* GymViewController.swift */ = {isa = PBXFileReference; lastKnownFileType = sourcecode.swift; path = GymViewController.swift; sourceTree = "<group>"; };
		8B3B8BB026372D14000C779E /* FoodViewController.swift */ = {isa = PBXFileReference; lastKnownFileType = sourcecode.swift; path = FoodViewController.swift; sourceTree = "<group>"; };
		8B3B8BB226372D1C000C779E /* SpaViewController.swift */ = {isa = PBXFileReference; lastKnownFileType = sourcecode.swift; path = SpaViewController.swift; sourceTree = "<group>"; };
		8B3B8BB426372D25000C779E /* OverallViewController.swift */ = {isa = PBXFileReference; lastKnownFileType = sourcecode.swift; path = OverallViewController.swift; sourceTree = "<group>"; };
		8B3B8BBA26372FD5000C779E /* Guest+CoreDataClass.swift */ = {isa = PBXFileReference; lastKnownFileType = sourcecode.swift; path = "Guest+CoreDataClass.swift"; sourceTree = "<group>"; };
		8B3B8BBB26372FD5000C779E /* Guest+CoreDataProperties.swift */ = {isa = PBXFileReference; lastKnownFileType = sourcecode.swift; path = "Guest+CoreDataProperties.swift"; sourceTree = "<group>"; };
		8B3B8BD626376320000C779E /* Overall+CoreDataClass.swift */ = {isa = PBXFileReference; lastKnownFileType = sourcecode.swift; path = "Overall+CoreDataClass.swift"; sourceTree = "<group>"; };
		8B3B8BD726376320000C779E /* Overall+CoreDataProperties.swift */ = {isa = PBXFileReference; lastKnownFileType = sourcecode.swift; path = "Overall+CoreDataProperties.swift"; sourceTree = "<group>"; };
		8B3B8BD826376320000C779E /* Food+CoreDataClass.swift */ = {isa = PBXFileReference; lastKnownFileType = sourcecode.swift; path = "Food+CoreDataClass.swift"; sourceTree = "<group>"; };
		8B3B8BD926376320000C779E /* Food+CoreDataProperties.swift */ = {isa = PBXFileReference; lastKnownFileType = sourcecode.swift; path = "Food+CoreDataProperties.swift"; sourceTree = "<group>"; };
		8B3B8BDA26376320000C779E /* Gym+CoreDataClass.swift */ = {isa = PBXFileReference; lastKnownFileType = sourcecode.swift; path = "Gym+CoreDataClass.swift"; sourceTree = "<group>"; };
		8B3B8BDB26376320000C779E /* Gym+CoreDataProperties.swift */ = {isa = PBXFileReference; lastKnownFileType = sourcecode.swift; path = "Gym+CoreDataProperties.swift"; sourceTree = "<group>"; };
		8B3B8BDC26376320000C779E /* Spa+CoreDataClass.swift */ = {isa = PBXFileReference; lastKnownFileType = sourcecode.swift; path = "Spa+CoreDataClass.swift"; sourceTree = "<group>"; };
		8B3B8BDD26376320000C779E /* Spa+CoreDataProperties.swift */ = {isa = PBXFileReference; lastKnownFileType = sourcecode.swift; path = "Spa+CoreDataProperties.swift"; sourceTree = "<group>"; };
		8B3B8BDE26376320000C779E /* Room+CoreDataClass.swift */ = {isa = PBXFileReference; lastKnownFileType = sourcecode.swift; path = "Room+CoreDataClass.swift"; sourceTree = "<group>"; };
		8B3B8BDF26376320000C779E /* Room+CoreDataProperties.swift */ = {isa = PBXFileReference; lastKnownFileType = sourcecode.swift; path = "Room+CoreDataProperties.swift"; sourceTree = "<group>"; };
		8B659FF12641C4CE00574981 /* pepeD.gif */ = {isa = PBXFileReference; lastKnownFileType = image.gif; name = pepeD.gif; path = ../../../../Downloads/pepeD.gif; sourceTree = "<group>"; };
		8B6608F9264192D100A494A0 /* WelcomeViewController.swift */ = {isa = PBXFileReference; lastKnownFileType = sourcecode.swift; path = WelcomeViewController.swift; sourceTree = "<group>"; };
		8B7D76B9262E262300CD5F84 /* ResortFeedback.app */ = {isa = PBXFileReference; explicitFileType = wrapper.application; includeInIndex = 0; path = ResortFeedback.app; sourceTree = BUILT_PRODUCTS_DIR; };
		8B7D76BC262E262300CD5F84 /* AppDelegate.swift */ = {isa = PBXFileReference; lastKnownFileType = sourcecode.swift; path = AppDelegate.swift; sourceTree = "<group>"; };
		8B7D76BE262E262300CD5F84 /* SceneDelegate.swift */ = {isa = PBXFileReference; lastKnownFileType = sourcecode.swift; path = SceneDelegate.swift; sourceTree = "<group>"; };
		8B7D76C0262E262300CD5F84 /* ViewController.swift */ = {isa = PBXFileReference; lastKnownFileType = sourcecode.swift; path = ViewController.swift; sourceTree = "<group>"; };
		8B7D76C3262E262300CD5F84 /* Base */ = {isa = PBXFileReference; lastKnownFileType = file.storyboard; name = Base; path = Base.lproj/Main.storyboard; sourceTree = "<group>"; };
		8B7D76C6262E262300CD5F84 /* ResortFeedback.xcdatamodel */ = {isa = PBXFileReference; lastKnownFileType = wrapper.xcdatamodel; path = ResortFeedback.xcdatamodel; sourceTree = "<group>"; };
		8B7D76CB262E262600CD5F84 /* Base */ = {isa = PBXFileReference; lastKnownFileType = file.storyboard; name = Base; path = Base.lproj/LaunchScreen.storyboard; sourceTree = "<group>"; };
		8B7D76CD262E262600CD5F84 /* Info.plist */ = {isa = PBXFileReference; lastKnownFileType = text.plist.xml; path = Info.plist; sourceTree = "<group>"; };
		8B7D76D5262E2F1A00CD5F84 /* SignUpViewController.swift */ = {isa = PBXFileReference; lastKnownFileType = sourcecode.swift; path = SignUpViewController.swift; sourceTree = "<group>"; };
		8B7D76D7262E2F3600CD5F84 /* ChangePassWordViewController.swift */ = {isa = PBXFileReference; lastKnownFileType = sourcecode.swift; path = ChangePassWordViewController.swift; sourceTree = "<group>"; };
		8B7D76DD262E306B00CD5F84 /* DBHelper.swift */ = {isa = PBXFileReference; lastKnownFileType = sourcecode.swift; path = DBHelper.swift; sourceTree = "<group>"; };
		8B7D76DF262E38F400CD5F84 /* ForgotPassWordViewController.swift */ = {isa = PBXFileReference; lastKnownFileType = sourcecode.swift; path = ForgotPassWordViewController.swift; sourceTree = "<group>"; };
		8B924C4C2641D09D00FC5B82 /* Assets.xcassets */ = {isa = PBXFileReference; lastKnownFileType = folder.assetcatalog; path = Assets.xcassets; sourceTree = SOURCE_ROOT; };
		8BBA83B8263C5784004FA850 /* OffersViewController.swift */ = {isa = PBXFileReference; lastKnownFileType = sourcecode.swift; path = OffersViewController.swift; sourceTree = "<group>"; };
		8BBC787E263B5B610007542B /* ThankYouScreenViewController.swift */ = {isa = PBXFileReference; lastKnownFileType = sourcecode.swift; path = ThankYouScreenViewController.swift; sourceTree = "<group>"; };
		8BBC7880263B5B8F0007542B /* PoorReviewViewController.swift */ = {isa = PBXFileReference; lastKnownFileType = sourcecode.swift; path = PoorReviewViewController.swift; sourceTree = "<group>"; };
		8BBC7882263B63800007542B /* RedoSurveyViewController.swift */ = {isa = PBXFileReference; lastKnownFileType = sourcecode.swift; path = RedoSurveyViewController.swift; sourceTree = "<group>"; };
		8BFE7AA6263B260000D22213 /* CosmosDefaultSettings.swift */ = {isa = PBXFileReference; fileEncoding = 4; lastKnownFileType = sourcecode.swift; name = CosmosDefaultSettings.swift; path = "../../../../../Downloads/Rating File/CosmosDefaultSettings.swift"; sourceTree = "<group>"; };
		8BFE7AA7263B260000D22213 /* CosmosRating.swift */ = {isa = PBXFileReference; fileEncoding = 4; lastKnownFileType = sourcecode.swift; name = CosmosRating.swift; path = "../../../../../Downloads/Rating File/CosmosRating.swift"; sourceTree = "<group>"; };
		8BFE7AA8263B260000D22213 /* CosmosLayerHelper.swift */ = {isa = PBXFileReference; fileEncoding = 4; lastKnownFileType = sourcecode.swift; name = CosmosLayerHelper.swift; path = "../../../../../Downloads/Rating File/CosmosLayerHelper.swift"; sourceTree = "<group>"; };
		8BFE7AA9263B260000D22213 /* CosmosSettings.swift */ = {isa = PBXFileReference; fileEncoding = 4; lastKnownFileType = sourcecode.swift; name = CosmosSettings.swift; path = "../../../../../Downloads/Rating File/CosmosSettings.swift"; sourceTree = "<group>"; };
		8BFE7AAA263B260100D22213 /* CosmosText.swift */ = {isa = PBXFileReference; fileEncoding = 4; lastKnownFileType = sourcecode.swift; name = CosmosText.swift; path = "../../../../../Downloads/Rating File/CosmosText.swift"; sourceTree = "<group>"; };
		8BFE7AAB263B260100D22213 /* CosmosTouchTarget.swift */ = {isa = PBXFileReference; fileEncoding = 4; lastKnownFileType = sourcecode.swift; name = CosmosTouchTarget.swift; path = "../../../../../Downloads/Rating File/CosmosTouchTarget.swift"; sourceTree = "<group>"; };
		8BFE7AAC263B260100D22213 /* CosmosSize.swift */ = {isa = PBXFileReference; fileEncoding = 4; lastKnownFileType = sourcecode.swift; name = CosmosSize.swift; path = "../../../../../Downloads/Rating File/CosmosSize.swift"; sourceTree = "<group>"; };
		8BFE7AAD263B260100D22213 /* CosmosView.swift */ = {isa = PBXFileReference; fileEncoding = 4; lastKnownFileType = sourcecode.swift; name = CosmosView.swift; path = "../../../../../Downloads/Rating File/CosmosView.swift"; sourceTree = "<group>"; };
		8BFE7AAE263B260100D22213 /* CosmosLocalizedRating.swift */ = {isa = PBXFileReference; fileEncoding = 4; lastKnownFileType = sourcecode.swift; name = CosmosLocalizedRating.swift; path = "../../../../../Downloads/Rating File/CosmosLocalizedRating.swift"; sourceTree = "<group>"; };
		8BFE7AAF263B260100D22213 /* CosmosTouch.swift */ = {isa = PBXFileReference; fileEncoding = 4; lastKnownFileType = sourcecode.swift; name = CosmosTouch.swift; path = "../../../../../Downloads/Rating File/CosmosTouch.swift"; sourceTree = "<group>"; };
		8BFE7AB0263B260100D22213 /* CosmosAccessibility.swift */ = {isa = PBXFileReference; fileEncoding = 4; lastKnownFileType = sourcecode.swift; name = CosmosAccessibility.swift; path = "../../../../../Downloads/Rating File/CosmosAccessibility.swift"; sourceTree = "<group>"; };
		8BFE7AB1263B260100D22213 /* Cosmos.h */ = {isa = PBXFileReference; fileEncoding = 4; lastKnownFileType = sourcecode.c.h; name = Cosmos.h; path = "../../../../../Downloads/Rating File/Cosmos.h"; sourceTree = "<group>"; };
		8BFE7AB2263B260100D22213 /* CosmosLayers.swift */ = {isa = PBXFileReference; fileEncoding = 4; lastKnownFileType = sourcecode.swift; name = CosmosLayers.swift; path = "../../../../../Downloads/Rating File/CosmosLayers.swift"; sourceTree = "<group>"; };
		8BFE7AB3263B260100D22213 /* StarFillMode.swift */ = {isa = PBXFileReference; fileEncoding = 4; lastKnownFileType = sourcecode.swift; name = StarFillMode.swift; path = "../../../../../Downloads/Rating File/StarFillMode.swift"; sourceTree = "<group>"; };
		8BFE7AB4263B260100D22213 /* StarLayer.swift */ = {isa = PBXFileReference; fileEncoding = 4; lastKnownFileType = sourcecode.swift; name = StarLayer.swift; path = "../../../../../Downloads/Rating File/StarLayer.swift"; sourceTree = "<group>"; };
		8BFE7AB5263B260100D22213 /* RightToLeft.swift */ = {isa = PBXFileReference; fileEncoding = 4; lastKnownFileType = sourcecode.swift; name = RightToLeft.swift; path = "../../../../../Downloads/Rating File/RightToLeft.swift"; sourceTree = "<group>"; };
		D716821413734E9389BADFC0 /* Pods-ResortFeedback.debug.xcconfig */ = {isa = PBXFileReference; includeInIndex = 1; lastKnownFileType = text.xcconfig; name = "Pods-ResortFeedback.debug.xcconfig"; path = "Target Support Files/Pods-ResortFeedback/Pods-ResortFeedback.debug.xcconfig"; sourceTree = "<group>"; };
		ECAFF4EAADB035519347C937 /* Pods_ResortFeedback.framework */ = {isa = PBXFileReference; explicitFileType = wrapper.framework; includeInIndex = 0; path = Pods_ResortFeedback.framework; sourceTree = BUILT_PRODUCTS_DIR; };
/* End PBXFileReference section */

/* Begin PBXFrameworksBuildPhase section */
		8B7D76B6262E262300CD5F84 /* Frameworks */ = {
			isa = PBXFrameworksBuildPhase;
			buildActionMask = 2147483647;
			files = (
				E23AD0148F45B5FA845E7019 /* Pods_ResortFeedback.framework in Frameworks */,
			);
			runOnlyForDeploymentPostprocessing = 0;
		};
/* End PBXFrameworksBuildPhase section */

/* Begin PBXGroup section */
		313AE731E0CE41428AFB2EA2 /* Frameworks */ = {
			isa = PBXGroup;
			children = (
				ECAFF4EAADB035519347C937 /* Pods_ResortFeedback.framework */,
			);
			name = Frameworks;
			sourceTree = "<group>";
		};
		8B7D76B0262E262300CD5F84 = {
			isa = PBXGroup;
			children = (
				8B3B8BD626376320000C779E /* Overall+CoreDataClass.swift */,
				8B3B8BD726376320000C779E /* Overall+CoreDataProperties.swift */,
				8B3B8BD826376320000C779E /* Food+CoreDataClass.swift */,
				8B3B8BD926376320000C779E /* Food+CoreDataProperties.swift */,
				8B3B8BDA26376320000C779E /* Gym+CoreDataClass.swift */,
				8B3B8BDB26376320000C779E /* Gym+CoreDataProperties.swift */,
				8B3B8BDC26376320000C779E /* Spa+CoreDataClass.swift */,
				8B3B8BDD26376320000C779E /* Spa+CoreDataProperties.swift */,
				8B3B8BDE26376320000C779E /* Room+CoreDataClass.swift */,
				8B3B8BDF26376320000C779E /* Room+CoreDataProperties.swift */,
				8B3B8BBA26372FD5000C779E /* Guest+CoreDataClass.swift */,
				8B3B8BBB26372FD5000C779E /* Guest+CoreDataProperties.swift */,
				8B7D76BB262E262300CD5F84 /* ResortFeedback */,
				8B7D76BA262E262300CD5F84 /* Products */,
				B2765A9A71954248F2F37C6D /* Pods */,
				313AE731E0CE41428AFB2EA2 /* Frameworks */,
			);
			sourceTree = "<group>";
		};
		8B7D76BA262E262300CD5F84 /* Products */ = {
			isa = PBXGroup;
			children = (
				8B7D76B9262E262300CD5F84 /* ResortFeedback.app */,
			);
			name = Products;
			sourceTree = "<group>";
		};
		8B7D76BB262E262300CD5F84 /* ResortFeedback */ = {
			isa = PBXGroup;
			children = (
				8B659FF12641C4CE00574981 /* pepeD.gif */,
				8BB294D52641A6A8000BCD02 /* End Screens */,
				8BB294D42641A695000BCD02 /* Logging In */,
				8BB294D32641A64C000BCD02 /* Survey */,
				8BFE7AA5263B25EF00D22213 /* Cosmos */,
				8B7D76BC262E262300CD5F84 /* AppDelegate.swift */,
				8B7D76BE262E262300CD5F84 /* SceneDelegate.swift */,
				8B7D76C0262E262300CD5F84 /* ViewController.swift */,
				8B7D76C2262E262300CD5F84 /* Main.storyboard */,
				8B924C4C2641D09D00FC5B82 /* Assets.xcassets */,
				8B7D76CA262E262600CD5F84 /* LaunchScreen.storyboard */,
				8B7D76CD262E262600CD5F84 /* Info.plist */,
				8B7D76C5262E262300CD5F84 /* ResortFeedback.xcdatamodeld */,
				8B7D76DD262E306B00CD5F84 /* DBHelper.swift */,
				8B6608F9264192D100A494A0 /* WelcomeViewController.swift */,
			);
			path = ResortFeedback;
			sourceTree = "<group>";
		};
		8BB294D32641A64C000BCD02 /* Survey */ = {
			isa = PBXGroup;
			children = (
				8B3B8BAA263712B4000C779E /* RoomViewController.swift */,
				8B3B8BAE26372D09000C779E /* GymViewController.swift */,
				8B3B8BB026372D14000C779E /* FoodViewController.swift */,
				8B3B8BB226372D1C000C779E /* SpaViewController.swift */,
				8B3B8BB426372D25000C779E /* OverallViewController.swift */,
			);
			path = Survey;
			sourceTree = "<group>";
		};
		8BB294D42641A695000BCD02 /* Logging In */ = {
			isa = PBXGroup;
			children = (
				8B3B8BAC263722EF000C779E /* AdminViewController.swift */,
				8B7D76D5262E2F1A00CD5F84 /* SignUpViewController.swift */,
				8B7D76D7262E2F3600CD5F84 /* ChangePassWordViewController.swift */,
				8B7D76DF262E38F400CD5F84 /* ForgotPassWordViewController.swift */,
				8B255C67262F484D00C88136 /* LogInMenuViewController.swift */,
				8BBA83B8263C5784004FA850 /* OffersViewController.swift */,
			);
			path = "Logging In";
			sourceTree = "<group>";
		};
		8BB294D52641A6A8000BCD02 /* End Screens */ = {
			isa = PBXGroup;
			children = (
				8BBC787E263B5B610007542B /* ThankYouScreenViewController.swift */,
				8BBC7880263B5B8F0007542B /* PoorReviewViewController.swift */,
				8BBC7882263B63800007542B /* RedoSurveyViewController.swift */,
			);
			path = "End Screens";
			sourceTree = "<group>";
		};
		8BFE7AA5263B25EF00D22213 /* Cosmos */ = {
			isa = PBXGroup;
			children = (
				8BFE7AB1263B260100D22213 /* Cosmos.h */,
				8BFE7AB0263B260100D22213 /* CosmosAccessibility.swift */,
				8BFE7AA6263B260000D22213 /* CosmosDefaultSettings.swift */,
				8BFE7AA8263B260000D22213 /* CosmosLayerHelper.swift */,
				8BFE7AB2263B260100D22213 /* CosmosLayers.swift */,
				8BFE7AAE263B260100D22213 /* CosmosLocalizedRating.swift */,
				8BFE7AA7263B260000D22213 /* CosmosRating.swift */,
				8BFE7AA9263B260000D22213 /* CosmosSettings.swift */,
				8BFE7AAC263B260100D22213 /* CosmosSize.swift */,
				8BFE7AAA263B260100D22213 /* CosmosText.swift */,
				8BFE7AAF263B260100D22213 /* CosmosTouch.swift */,
				8BFE7AAB263B260100D22213 /* CosmosTouchTarget.swift */,
				8BFE7AAD263B260100D22213 /* CosmosView.swift */,
				8BFE7AB5263B260100D22213 /* RightToLeft.swift */,
				8BFE7AB3263B260100D22213 /* StarFillMode.swift */,
				8BFE7AB4263B260100D22213 /* StarLayer.swift */,
			);
			path = Cosmos;
			sourceTree = "<group>";
		};
		B2765A9A71954248F2F37C6D /* Pods */ = {
			isa = PBXGroup;
			children = (
				D716821413734E9389BADFC0 /* Pods-ResortFeedback.debug.xcconfig */,
				16964D6062C233259C553357 /* Pods-ResortFeedback.release.xcconfig */,
			);
			path = Pods;
			sourceTree = "<group>";
		};
/* End PBXGroup section */

/* Begin PBXNativeTarget section */
		8B7D76B8262E262300CD5F84 /* ResortFeedback */ = {
			isa = PBXNativeTarget;
			buildConfigurationList = 8B7D76D0262E262600CD5F84 /* Build configuration list for PBXNativeTarget "ResortFeedback" */;
			buildPhases = (
				BB3127A52B4B60B37979A23C /* [CP] Check Pods Manifest.lock */,
				8B7D76B5262E262300CD5F84 /* Sources */,
				8B7D76B6262E262300CD5F84 /* Frameworks */,
				8B7D76B7262E262300CD5F84 /* Resources */,
				FDE2C7F452317D7963B9A5B6 /* [CP] Embed Pods Frameworks */,
			);
			buildRules = (
			);
			dependencies = (
			);
			name = ResortFeedback;
			productName = ResortFeedback;
			productReference = 8B7D76B9262E262300CD5F84 /* ResortFeedback.app */;
			productType = "com.apple.product-type.application";
		};
/* End PBXNativeTarget section */

/* Begin PBXProject section */
		8B7D76B1262E262300CD5F84 /* Project object */ = {
			isa = PBXProject;
			attributes = {
				LastSwiftUpdateCheck = 1250;
				LastUpgradeCheck = 1250;
				TargetAttributes = {
					8B7D76B8262E262300CD5F84 = {
						CreatedOnToolsVersion = 12.5;
					};
				};
			};
			buildConfigurationList = 8B7D76B4262E262300CD5F84 /* Build configuration list for PBXProject "ResortFeedback" */;
			compatibilityVersion = "Xcode 9.3";
			developmentRegion = en;
			hasScannedForEncodings = 0;
			knownRegions = (
				en,
				Base,
			);
			mainGroup = 8B7D76B0262E262300CD5F84;
			productRefGroup = 8B7D76BA262E262300CD5F84 /* Products */;
			projectDirPath = "";
			projectRoot = "";
			targets = (
				8B7D76B8262E262300CD5F84 /* ResortFeedback */,
			);
		};
/* End PBXProject section */

/* Begin PBXResourcesBuildPhase section */
		8B7D76B7262E262300CD5F84 /* Resources */ = {
			isa = PBXResourcesBuildPhase;
			buildActionMask = 2147483647;
			files = (
				8B7D76CC262E262600CD5F84 /* LaunchScreen.storyboard in Resources */,
				8B7D76C4262E262300CD5F84 /* Main.storyboard in Resources */,
				8B924C4D2641D09E00FC5B82 /* Assets.xcassets in Resources */,
				8B659FF22641C4CE00574981 /* pepeD.gif in Resources */,
			);
			runOnlyForDeploymentPostprocessing = 0;
		};
/* End PBXResourcesBuildPhase section */

/* Begin PBXShellScriptBuildPhase section */
		BB3127A52B4B60B37979A23C /* [CP] Check Pods Manifest.lock */ = {
			isa = PBXShellScriptBuildPhase;
			buildActionMask = 2147483647;
			files = (
			);
			inputFileListPaths = (
			);
			inputPaths = (
				"${PODS_PODFILE_DIR_PATH}/Podfile.lock",
				"${PODS_ROOT}/Manifest.lock",
			);
			name = "[CP] Check Pods Manifest.lock";
			outputFileListPaths = (
			);
			outputPaths = (
				"$(DERIVED_FILE_DIR)/Pods-ResortFeedback-checkManifestLockResult.txt",
			);
			runOnlyForDeploymentPostprocessing = 0;
			shellPath = /bin/sh;
			shellScript = "diff \"${PODS_PODFILE_DIR_PATH}/Podfile.lock\" \"${PODS_ROOT}/Manifest.lock\" > /dev/null\nif [ $? != 0 ] ; then\n    # print error to STDERR\n    echo \"error: The sandbox is not in sync with the Podfile.lock. Run 'pod install' or update your CocoaPods installation.\" >&2\n    exit 1\nfi\n# This output is used by Xcode 'outputs' to avoid re-running this script phase.\necho \"SUCCESS\" > \"${SCRIPT_OUTPUT_FILE_0}\"\n";
			showEnvVarsInLog = 0;
		};
		FDE2C7F452317D7963B9A5B6 /* [CP] Embed Pods Frameworks */ = {
			isa = PBXShellScriptBuildPhase;
			buildActionMask = 2147483647;
			files = (
			);
			inputFileListPaths = (
				"${PODS_ROOT}/Target Support Files/Pods-ResortFeedback/Pods-ResortFeedback-frameworks-${CONFIGURATION}-input-files.xcfilelist",
			);
			name = "[CP] Embed Pods Frameworks";
			outputFileListPaths = (
				"${PODS_ROOT}/Target Support Files/Pods-ResortFeedback/Pods-ResortFeedback-frameworks-${CONFIGURATION}-output-files.xcfilelist",
			);
			runOnlyForDeploymentPostprocessing = 0;
			shellPath = /bin/sh;
			shellScript = "\"${PODS_ROOT}/Target Support Files/Pods-ResortFeedback/Pods-ResortFeedback-frameworks.sh\"\n";
			showEnvVarsInLog = 0;
		};
/* End PBXShellScriptBuildPhase section */

/* Begin PBXSourcesBuildPhase section */
		8B7D76B5262E262300CD5F84 /* Sources */ = {
			isa = PBXSourcesBuildPhase;
			buildActionMask = 2147483647;
			files = (
				8BFE7AC3263B260100D22213 /* StarLayer.swift in Sources */,
				8B3B8BE126376320000C779E /* Overall+CoreDataProperties.swift in Sources */,
				8B255C68262F484D00C88136 /* LogInMenuViewController.swift in Sources */,
				8B7D76E0262E38F400CD5F84 /* ForgotPassWordViewController.swift in Sources */,
				8BFE7AC2263B260100D22213 /* StarFillMode.swift in Sources */,
				8BFE7ABD263B260100D22213 /* CosmosView.swift in Sources */,
				8B3B8BAF26372D09000C779E /* GymViewController.swift in Sources */,
				8BFE7ABA263B260100D22213 /* CosmosText.swift in Sources */,
				8B3B8BE026376320000C779E /* Overall+CoreDataClass.swift in Sources */,
				8BBC787F263B5B610007542B /* ThankYouScreenViewController.swift in Sources */,
				8B3B8BE826376320000C779E /* Room+CoreDataClass.swift in Sources */,
				8BFE7AC0263B260100D22213 /* CosmosAccessibility.swift in Sources */,
				8B3B8BB126372D14000C779E /* FoodViewController.swift in Sources */,
				8BBC7883263B63800007542B /* RedoSurveyViewController.swift in Sources */,
				8B3B8BE226376320000C779E /* Food+CoreDataClass.swift in Sources */,
				8BBA83B9263C5784004FA850 /* OffersViewController.swift in Sources */,
				8B3B8BAB263712B4000C779E /* RoomViewController.swift in Sources */,
				8B3B8BB526372D25000C779E /* OverallViewController.swift in Sources */,
				8B7D76D6262E2F1A00CD5F84 /* SignUpViewController.swift in Sources */,
				8B3B8BBE26372FD5000C779E /* Guest+CoreDataClass.swift in Sources */,
				8B3B8BE626376320000C779E /* Spa+CoreDataClass.swift in Sources */,
				8BFE7AB8263B260100D22213 /* CosmosLayerHelper.swift in Sources */,
				8BFE7AB9263B260100D22213 /* CosmosSettings.swift in Sources */,
				8BFE7ABC263B260100D22213 /* CosmosSize.swift in Sources */,
				8B3B8BE326376320000C779E /* Food+CoreDataProperties.swift in Sources */,
				8B7D76C1262E262300CD5F84 /* ViewController.swift in Sources */,
				8B7D76D8262E2F3600CD5F84 /* ChangePassWordViewController.swift in Sources */,
				8B7D76BD262E262300CD5F84 /* AppDelegate.swift in Sources */,
				8B6608FA264192D100A494A0 /* WelcomeViewController.swift in Sources */,
				8BBC7881263B5B8F0007542B /* PoorReviewViewController.swift in Sources */,
				8B3B8BE526376320000C779E /* Gym+CoreDataProperties.swift in Sources */,
				8B3B8BB326372D1C000C779E /* SpaViewController.swift in Sources */,
				8B7D76DE262E306B00CD5F84 /* DBHelper.swift in Sources */,
				8BFE7ABB263B260100D22213 /* CosmosTouchTarget.swift in Sources */,
				8BFE7AC1263B260100D22213 /* CosmosLayers.swift in Sources */,
				8B3B8BE726376320000C779E /* Spa+CoreDataProperties.swift in Sources */,
				8B3B8BE426376320000C779E /* Gym+CoreDataClass.swift in Sources */,
				8BFE7AC4263B260100D22213 /* RightToLeft.swift in Sources */,
				8B3B8BBF26372FD5000C779E /* Guest+CoreDataProperties.swift in Sources */,
				8B3B8BAD263722EF000C779E /* AdminViewController.swift in Sources */,
				8BFE7ABF263B260100D22213 /* CosmosTouch.swift in Sources */,
				8BFE7AB7263B260100D22213 /* CosmosRating.swift in Sources */,
				8BFE7AB6263B260100D22213 /* CosmosDefaultSettings.swift in Sources */,
				8B7D76BF262E262300CD5F84 /* SceneDelegate.swift in Sources */,
				8B3B8BE926376320000C779E /* Room+CoreDataProperties.swift in Sources */,
				8BFE7ABE263B260100D22213 /* CosmosLocalizedRating.swift in Sources */,
				8B7D76C7262E262300CD5F84 /* ResortFeedback.xcdatamodeld in Sources */,
			);
			runOnlyForDeploymentPostprocessing = 0;
		};
/* End PBXSourcesBuildPhase section */

/* Begin PBXVariantGroup section */
		8B7D76C2262E262300CD5F84 /* Main.storyboard */ = {
			isa = PBXVariantGroup;
			children = (
				8B7D76C3262E262300CD5F84 /* Base */,
			);
			name = Main.storyboard;
			sourceTree = "<group>";
		};
		8B7D76CA262E262600CD5F84 /* LaunchScreen.storyboard */ = {
			isa = PBXVariantGroup;
			children = (
				8B7D76CB262E262600CD5F84 /* Base */,
			);
			name = LaunchScreen.storyboard;
			sourceTree = "<group>";
		};
/* End PBXVariantGroup section */

/* Begin XCBuildConfiguration section */
		8B7D76CE262E262600CD5F84 /* Debug */ = {
			isa = XCBuildConfiguration;
			buildSettings = {
				ALWAYS_SEARCH_USER_PATHS = NO;
				CLANG_ANALYZER_NONNULL = YES;
				CLANG_ANALYZER_NUMBER_OBJECT_CONVERSION = YES_AGGRESSIVE;
				CLANG_CXX_LANGUAGE_STANDARD = "gnu++14";
				CLANG_CXX_LIBRARY = "libc++";
				CLANG_ENABLE_MODULES = YES;
				CLANG_ENABLE_OBJC_ARC = YES;
				CLANG_ENABLE_OBJC_WEAK = YES;
				CLANG_WARN_BLOCK_CAPTURE_AUTORELEASING = YES;
				CLANG_WARN_BOOL_CONVERSION = YES;
				CLANG_WARN_COMMA = YES;
				CLANG_WARN_CONSTANT_CONVERSION = YES;
				CLANG_WARN_DEPRECATED_OBJC_IMPLEMENTATIONS = YES;
				CLANG_WARN_DIRECT_OBJC_ISA_USAGE = YES_ERROR;
				CLANG_WARN_DOCUMENTATION_COMMENTS = YES;
				CLANG_WARN_EMPTY_BODY = YES;
				CLANG_WARN_ENUM_CONVERSION = YES;
				CLANG_WARN_INFINITE_RECURSION = YES;
				CLANG_WARN_INT_CONVERSION = YES;
				CLANG_WARN_NON_LITERAL_NULL_CONVERSION = YES;
				CLANG_WARN_OBJC_IMPLICIT_RETAIN_SELF = YES;
				CLANG_WARN_OBJC_LITERAL_CONVERSION = YES;
				CLANG_WARN_OBJC_ROOT_CLASS = YES_ERROR;
				CLANG_WARN_QUOTED_INCLUDE_IN_FRAMEWORK_HEADER = YES;
				CLANG_WARN_RANGE_LOOP_ANALYSIS = YES;
				CLANG_WARN_STRICT_PROTOTYPES = YES;
				CLANG_WARN_SUSPICIOUS_MOVE = YES;
				CLANG_WARN_UNGUARDED_AVAILABILITY = YES_AGGRESSIVE;
				CLANG_WARN_UNREACHABLE_CODE = YES;
				CLANG_WARN__DUPLICATE_METHOD_MATCH = YES;
				COPY_PHASE_STRIP = NO;
				DEBUG_INFORMATION_FORMAT = dwarf;
				ENABLE_STRICT_OBJC_MSGSEND = YES;
				ENABLE_TESTABILITY = YES;
				GCC_C_LANGUAGE_STANDARD = gnu11;
				GCC_DYNAMIC_NO_PIC = NO;
				GCC_NO_COMMON_BLOCKS = YES;
				GCC_OPTIMIZATION_LEVEL = 0;
				GCC_PREPROCESSOR_DEFINITIONS = (
					"DEBUG=1",
					"$(inherited)",
				);
				GCC_WARN_64_TO_32_BIT_CONVERSION = YES;
				GCC_WARN_ABOUT_RETURN_TYPE = YES_ERROR;
				GCC_WARN_UNDECLARED_SELECTOR = YES;
				GCC_WARN_UNINITIALIZED_AUTOS = YES_AGGRESSIVE;
				GCC_WARN_UNUSED_FUNCTION = YES;
				GCC_WARN_UNUSED_VARIABLE = YES;
				IPHONEOS_DEPLOYMENT_TARGET = 14.3;
				MTL_ENABLE_DEBUG_INFO = INCLUDE_SOURCE;
				MTL_FAST_MATH = YES;
				ONLY_ACTIVE_ARCH = YES;
				SDKROOT = iphoneos;
				SWIFT_ACTIVE_COMPILATION_CONDITIONS = DEBUG;
				SWIFT_OPTIMIZATION_LEVEL = "-Onone";
			};
			name = Debug;
		};
		8B7D76CF262E262600CD5F84 /* Release */ = {
			isa = XCBuildConfiguration;
			buildSettings = {
				ALWAYS_SEARCH_USER_PATHS = NO;
				CLANG_ANALYZER_NONNULL = YES;
				CLANG_ANALYZER_NUMBER_OBJECT_CONVERSION = YES_AGGRESSIVE;
				CLANG_CXX_LANGUAGE_STANDARD = "gnu++14";
				CLANG_CXX_LIBRARY = "libc++";
				CLANG_ENABLE_MODULES = YES;
				CLANG_ENABLE_OBJC_ARC = YES;
				CLANG_ENABLE_OBJC_WEAK = YES;
				CLANG_WARN_BLOCK_CAPTURE_AUTORELEASING = YES;
				CLANG_WARN_BOOL_CONVERSION = YES;
				CLANG_WARN_COMMA = YES;
				CLANG_WARN_CONSTANT_CONVERSION = YES;
				CLANG_WARN_DEPRECATED_OBJC_IMPLEMENTATIONS = YES;
				CLANG_WARN_DIRECT_OBJC_ISA_USAGE = YES_ERROR;
				CLANG_WARN_DOCUMENTATION_COMMENTS = YES;
				CLANG_WARN_EMPTY_BODY = YES;
				CLANG_WARN_ENUM_CONVERSION = YES;
				CLANG_WARN_INFINITE_RECURSION = YES;
				CLANG_WARN_INT_CONVERSION = YES;
				CLANG_WARN_NON_LITERAL_NULL_CONVERSION = YES;
				CLANG_WARN_OBJC_IMPLICIT_RETAIN_SELF = YES;
				CLANG_WARN_OBJC_LITERAL_CONVERSION = YES;
				CLANG_WARN_OBJC_ROOT_CLASS = YES_ERROR;
				CLANG_WARN_QUOTED_INCLUDE_IN_FRAMEWORK_HEADER = YES;
				CLANG_WARN_RANGE_LOOP_ANALYSIS = YES;
				CLANG_WARN_STRICT_PROTOTYPES = YES;
				CLANG_WARN_SUSPICIOUS_MOVE = YES;
				CLANG_WARN_UNGUARDED_AVAILABILITY = YES_AGGRESSIVE;
				CLANG_WARN_UNREACHABLE_CODE = YES;
				CLANG_WARN__DUPLICATE_METHOD_MATCH = YES;
				COPY_PHASE_STRIP = NO;
				DEBUG_INFORMATION_FORMAT = "dwarf-with-dsym";
				ENABLE_NS_ASSERTIONS = NO;
				ENABLE_STRICT_OBJC_MSGSEND = YES;
				GCC_C_LANGUAGE_STANDARD = gnu11;
				GCC_NO_COMMON_BLOCKS = YES;
				GCC_WARN_64_TO_32_BIT_CONVERSION = YES;
				GCC_WARN_ABOUT_RETURN_TYPE = YES_ERROR;
				GCC_WARN_UNDECLARED_SELECTOR = YES;
				GCC_WARN_UNINITIALIZED_AUTOS = YES_AGGRESSIVE;
				GCC_WARN_UNUSED_FUNCTION = YES;
				GCC_WARN_UNUSED_VARIABLE = YES;
				IPHONEOS_DEPLOYMENT_TARGET = 14.3;
				MTL_ENABLE_DEBUG_INFO = NO;
				MTL_FAST_MATH = YES;
				SDKROOT = iphoneos;
				SWIFT_COMPILATION_MODE = wholemodule;
				SWIFT_OPTIMIZATION_LEVEL = "-O";
				VALIDATE_PRODUCT = YES;
			};
			name = Release;
		};
		8B7D76D1262E262600CD5F84 /* Debug */ = {
			isa = XCBuildConfiguration;
			baseConfigurationReference = D716821413734E9389BADFC0 /* Pods-ResortFeedback.debug.xcconfig */;
			buildSettings = {
				ASSETCATALOG_COMPILER_APPICON_NAME = AppIcon;
				ASSETCATALOG_COMPILER_GLOBAL_ACCENT_COLOR_NAME = AccentColor;
				CODE_SIGN_STYLE = Automatic;
				DEVELOPMENT_TEAM = KGM7XHXXW2;
				INFOPLIST_FILE = ResortFeedback/Info.plist;
				IPHONEOS_DEPLOYMENT_TARGET = 14.3;
				LD_RUNPATH_SEARCH_PATHS = (
					"$(inherited)",
					"@executable_path/Frameworks",
				);
				PRODUCT_BUNDLE_IDENTIFIER = KH.ResortFeedback;
				PRODUCT_NAME = "$(TARGET_NAME)";
				SWIFT_VERSION = 5.0;
				TARGETED_DEVICE_FAMILY = "1,2";
			};
			name = Debug;
		};
		8B7D76D2262E262600CD5F84 /* Release */ = {
			isa = XCBuildConfiguration;
			baseConfigurationReference = 16964D6062C233259C553357 /* Pods-ResortFeedback.release.xcconfig */;
			buildSettings = {
				ASSETCATALOG_COMPILER_APPICON_NAME = AppIcon;
				ASSETCATALOG_COMPILER_GLOBAL_ACCENT_COLOR_NAME = AccentColor;
				CODE_SIGN_STYLE = Automatic;
				DEVELOPMENT_TEAM = KGM7XHXXW2;
				INFOPLIST_FILE = ResortFeedback/Info.plist;
				IPHONEOS_DEPLOYMENT_TARGET = 14.3;
				LD_RUNPATH_SEARCH_PATHS = (
					"$(inherited)",
					"@executable_path/Frameworks",
				);
				PRODUCT_BUNDLE_IDENTIFIER = KH.ResortFeedback;
				PRODUCT_NAME = "$(TARGET_NAME)";
				SWIFT_VERSION = 5.0;
				TARGETED_DEVICE_FAMILY = "1,2";
			};
			name = Release;
		};
/* End XCBuildConfiguration section */

/* Begin XCConfigurationList section */
		8B7D76B4262E262300CD5F84 /* Build configuration list for PBXProject "ResortFeedback" */ = {
			isa = XCConfigurationList;
			buildConfigurations = (
				8B7D76CE262E262600CD5F84 /* Debug */,
				8B7D76CF262E262600CD5F84 /* Release */,
			);
			defaultConfigurationIsVisible = 0;
			defaultConfigurationName = Release;
		};
		8B7D76D0262E262600CD5F84 /* Build configuration list for PBXNativeTarget "ResortFeedback" */ = {
			isa = XCConfigurationList;
			buildConfigurations = (
				8B7D76D1262E262600CD5F84 /* Debug */,
				8B7D76D2262E262600CD5F84 /* Release */,
			);
			defaultConfigurationIsVisible = 0;
			defaultConfigurationName = Release;
		};
/* End XCConfigurationList section */

/* Begin XCVersionGroup section */
		8B7D76C5262E262300CD5F84 /* ResortFeedback.xcdatamodeld */ = {
			isa = XCVersionGroup;
			children = (
				8B7D76C6262E262300CD5F84 /* ResortFeedback.xcdatamodel */,
			);
			currentVersion = 8B7D76C6262E262300CD5F84 /* ResortFeedback.xcdatamodel */;
			path = ResortFeedback.xcdatamodeld;
			sourceTree = "<group>";
			versionGroupType = wrapper.xcdatamodel;
		};
/* End XCVersionGroup section */
	};
	rootObject = 8B7D76B1262E262300CD5F84 /* Project object */;
}
